// !$*UTF8*$!
{
	archiveVersion = 1;
	classes = {
	};
	objectVersion = 48;
	objects = {

/* Begin PBXBuildFile section */
		3075FEDD1FC2FE9900933163 /* AppDelegate.swift in Sources */ = {isa = PBXBuildFile; fileRef = 3075FEDC1FC2FE9900933163 /* AppDelegate.swift */; };
		3075FEDF1FC2FE9900933163 /* ViewController.swift in Sources */ = {isa = PBXBuildFile; fileRef = 3075FEDE1FC2FE9900933163 /* ViewController.swift */; };
		3075FEE21FC2FE9A00933163 /* Main.storyboard in Resources */ = {isa = PBXBuildFile; fileRef = 3075FEE01FC2FE9A00933163 /* Main.storyboard */; };
		3075FEE41FC2FE9A00933163 /* Assets.xcassets in Resources */ = {isa = PBXBuildFile; fileRef = 3075FEE31FC2FE9A00933163 /* Assets.xcassets */; };
		3075FEE71FC2FE9A00933163 /* LaunchScreen.storyboard in Resources */ = {isa = PBXBuildFile; fileRef = 3075FEE51FC2FE9A00933163 /* LaunchScreen.storyboard */; };
		3075FEF21FC2FE9A00933163 /* change_viewTests.swift in Sources */ = {isa = PBXBuildFile; fileRef = 3075FEF11FC2FE9A00933163 /* change_viewTests.swift */; };
		3075FEFD1FC2FE9A00933163 /* change_viewUITests.swift in Sources */ = {isa = PBXBuildFile; fileRef = 3075FEFC1FC2FE9A00933163 /* change_viewUITests.swift */; };
		3075FF0D1FC30E7B00933163 /* DashboardController.swift in Sources */ = {isa = PBXBuildFile; fileRef = 3075FF0C1FC30E7B00933163 /* DashboardController.swift */; };
		786129E09D98BC73EB788CFB /* Pods_change_view.framework in Frameworks */ = {isa = PBXBuildFile; fileRef = C1DFCC19AE8D2603DC066C28 /* Pods_change_view.framework */; };
		818E6641AF8779ECE15EE66F /* Pods_change_viewTests.framework in Frameworks */ = {isa = PBXBuildFile; fileRef = 7B47667CECAB4607D1233A8F /* Pods_change_viewTests.framework */; };
		F390A0E77DE2649E38E21443 /* Pods_change_viewUITests.framework in Frameworks */ = {isa = PBXBuildFile; fileRef = 732FA71134F5FA153CE6FF7E /* Pods_change_viewUITests.framework */; };
/* End PBXBuildFile section */

/* Begin PBXContainerItemProxy section */
		3075FEEE1FC2FE9A00933163 /* PBXContainerItemProxy */ = {
			isa = PBXContainerItemProxy;
			containerPortal = 3075FED11FC2FE9900933163 /* Project object */;
			proxyType = 1;
			remoteGlobalIDString = 3075FED81FC2FE9900933163;
			remoteInfo = change_view;
		};
		3075FEF91FC2FE9A00933163 /* PBXContainerItemProxy */ = {
			isa = PBXContainerItemProxy;
			containerPortal = 3075FED11FC2FE9900933163 /* Project object */;
			proxyType = 1;
			remoteGlobalIDString = 3075FED81FC2FE9900933163;
			remoteInfo = change_view;
		};
/* End PBXContainerItemProxy section */

/* Begin PBXFileReference section */
		3075FED91FC2FE9900933163 /* change_view.app */ = {isa = PBXFileReference; explicitFileType = wrapper.application; includeInIndex = 0; path = change_view.app; sourceTree = BUILT_PRODUCTS_DIR; };
		3075FEDC1FC2FE9900933163 /* AppDelegate.swift */ = {isa = PBXFileReference; lastKnownFileType = sourcecode.swift; path = AppDelegate.swift; sourceTree = "<group>"; };
		3075FEDE1FC2FE9900933163 /* ViewController.swift */ = {isa = PBXFileReference; lastKnownFileType = sourcecode.swift; path = ViewController.swift; sourceTree = "<group>"; };
		3075FEE11FC2FE9A00933163 /* Base */ = {isa = PBXFileReference; lastKnownFileType = file.storyboard; name = Base; path = Base.lproj/Main.storyboard; sourceTree = "<group>"; };
		3075FEE31FC2FE9A00933163 /* Assets.xcassets */ = {isa = PBXFileReference; lastKnownFileType = folder.assetcatalog; path = Assets.xcassets; sourceTree = "<group>"; };
		3075FEE61FC2FE9A00933163 /* Base */ = {isa = PBXFileReference; lastKnownFileType = file.storyboard; name = Base; path = Base.lproj/LaunchScreen.storyboard; sourceTree = "<group>"; };
		3075FEE81FC2FE9A00933163 /* Info.plist */ = {isa = PBXFileReference; lastKnownFileType = text.plist.xml; path = Info.plist; sourceTree = "<group>"; };
		3075FEED1FC2FE9A00933163 /* change_viewTests.xctest */ = {isa = PBXFileReference; explicitFileType = wrapper.cfbundle; includeInIndex = 0; path = change_viewTests.xctest; sourceTree = BUILT_PRODUCTS_DIR; };
		3075FEF11FC2FE9A00933163 /* change_viewTests.swift */ = {isa = PBXFileReference; lastKnownFileType = sourcecode.swift; path = change_viewTests.swift; sourceTree = "<group>"; };
		3075FEF31FC2FE9A00933163 /* Info.plist */ = {isa = PBXFileReference; lastKnownFileType = text.plist.xml; path = Info.plist; sourceTree = "<group>"; };
		3075FEF81FC2FE9A00933163 /* change_viewUITests.xctest */ = {isa = PBXFileReference; explicitFileType = wrapper.cfbundle; includeInIndex = 0; path = change_viewUITests.xctest; sourceTree = BUILT_PRODUCTS_DIR; };
		3075FEFC1FC2FE9A00933163 /* change_viewUITests.swift */ = {isa = PBXFileReference; lastKnownFileType = sourcecode.swift; path = change_viewUITests.swift; sourceTree = "<group>"; };
		3075FEFE1FC2FE9A00933163 /* Info.plist */ = {isa = PBXFileReference; lastKnownFileType = text.plist.xml; path = Info.plist; sourceTree = "<group>"; };
		3075FF0C1FC30E7B00933163 /* DashboardController.swift */ = {isa = PBXFileReference; lastKnownFileType = sourcecode.swift; path = DashboardController.swift; sourceTree = "<group>"; };
		5941E217B6F585EC18CEB080 /* Pods-change_viewTests.debug.xcconfig */ = {isa = PBXFileReference; includeInIndex = 1; lastKnownFileType = text.xcconfig; name = "Pods-change_viewTests.debug.xcconfig"; path = "Pods/Target Support Files/Pods-change_viewTests/Pods-change_viewTests.debug.xcconfig"; sourceTree = "<group>"; };
		6071159C121C245CA73C7554 /* Pods-change_view.release.xcconfig */ = {isa = PBXFileReference; includeInIndex = 1; lastKnownFileType = text.xcconfig; name = "Pods-change_view.release.xcconfig"; path = "Pods/Target Support Files/Pods-change_view/Pods-change_view.release.xcconfig"; sourceTree = "<group>"; };
		680B7934A12FDF9A4EB5DFEB /* Pods-change_viewUITests.debug.xcconfig */ = {isa = PBXFileReference; includeInIndex = 1; lastKnownFileType = text.xcconfig; name = "Pods-change_viewUITests.debug.xcconfig"; path = "Pods/Target Support Files/Pods-change_viewUITests/Pods-change_viewUITests.debug.xcconfig"; sourceTree = "<group>"; };
		732FA71134F5FA153CE6FF7E /* Pods_change_viewUITests.framework */ = {isa = PBXFileReference; explicitFileType = wrapper.framework; includeInIndex = 0; path = Pods_change_viewUITests.framework; sourceTree = BUILT_PRODUCTS_DIR; };
		7B47667CECAB4607D1233A8F /* Pods_change_viewTests.framework */ = {isa = PBXFileReference; explicitFileType = wrapper.framework; includeInIndex = 0; path = Pods_change_viewTests.framework; sourceTree = BUILT_PRODUCTS_DIR; };
		989A5FE581F605F1B5C1663E /* Pods-change_view.debug.xcconfig */ = {isa = PBXFileReference; includeInIndex = 1; lastKnownFileType = text.xcconfig; name = "Pods-change_view.debug.xcconfig"; path = "Pods/Target Support Files/Pods-change_view/Pods-change_view.debug.xcconfig"; sourceTree = "<group>"; };
		A8CABDA6D1A77A64737E2EBC /* Pods-change_viewTests.release.xcconfig */ = {isa = PBXFileReference; includeInIndex = 1; lastKnownFileType = text.xcconfig; name = "Pods-change_viewTests.release.xcconfig"; path = "Pods/Target Support Files/Pods-change_viewTests/Pods-change_viewTests.release.xcconfig"; sourceTree = "<group>"; };
		C1DFCC19AE8D2603DC066C28 /* Pods_change_view.framework */ = {isa = PBXFileReference; explicitFileType = wrapper.framework; includeInIndex = 0; path = Pods_change_view.framework; sourceTree = BUILT_PRODUCTS_DIR; };
		E87A37CE648E28CF0C5CD469 /* Pods-change_viewUITests.release.xcconfig */ = {isa = PBXFileReference; includeInIndex = 1; lastKnownFileType = text.xcconfig; name = "Pods-change_viewUITests.release.xcconfig"; path = "Pods/Target Support Files/Pods-change_viewUITests/Pods-change_viewUITests.release.xcconfig"; sourceTree = "<group>"; };
/* End PBXFileReference section */

/* Begin PBXFrameworksBuildPhase section */
		3075FED61FC2FE9900933163 /* Frameworks */ = {
			isa = PBXFrameworksBuildPhase;
			buildActionMask = 2147483647;
			files = (
				786129E09D98BC73EB788CFB /* Pods_change_view.framework in Frameworks */,
			);
			runOnlyForDeploymentPostprocessing = 0;
		};
		3075FEEA1FC2FE9A00933163 /* Frameworks */ = {
			isa = PBXFrameworksBuildPhase;
			buildActionMask = 2147483647;
			files = (
				818E6641AF8779ECE15EE66F /* Pods_change_viewTests.framework in Frameworks */,
			);
			runOnlyForDeploymentPostprocessing = 0;
		};
		3075FEF51FC2FE9A00933163 /* Frameworks */ = {
			isa = PBXFrameworksBuildPhase;
			buildActionMask = 2147483647;
			files = (
				F390A0E77DE2649E38E21443 /* Pods_change_viewUITests.framework in Frameworks */,
			);
			runOnlyForDeploymentPostprocessing = 0;
		};
/* End PBXFrameworksBuildPhase section */

/* Begin PBXGroup section */
		3075FED01FC2FE9900933163 = {
			isa = PBXGroup;
			children = (
				3075FEDB1FC2FE9900933163 /* change_view */,
				3075FEF01FC2FE9A00933163 /* change_viewTests */,
				3075FEFB1FC2FE9A00933163 /* change_viewUITests */,
				3075FEDA1FC2FE9900933163 /* Products */,
				4368062DA51A08047A3D5651 /* Pods */,
				40474C1C7435335B9E1808A2 /* Frameworks */,
			);
			sourceTree = "<group>";
		};
		3075FEDA1FC2FE9900933163 /* Products */ = {
			isa = PBXGroup;
			children = (
				3075FED91FC2FE9900933163 /* change_view.app */,
				3075FEED1FC2FE9A00933163 /* change_viewTests.xctest */,
				3075FEF81FC2FE9A00933163 /* change_viewUITests.xctest */,
			);
			name = Products;
			sourceTree = "<group>";
		};
		3075FEDB1FC2FE9900933163 /* change_view */ = {
			isa = PBXGroup;
			children = (
				3075FEDC1FC2FE9900933163 /* AppDelegate.swift */,
				3075FEDE1FC2FE9900933163 /* ViewController.swift */,
				3075FEE01FC2FE9A00933163 /* Main.storyboard */,
				3075FF0C1FC30E7B00933163 /* DashboardController.swift */,
				3075FEE31FC2FE9A00933163 /* Assets.xcassets */,
				3075FEE51FC2FE9A00933163 /* LaunchScreen.storyboard */,
				3075FEE81FC2FE9A00933163 /* Info.plist */,
			);
			path = change_view;
			sourceTree = "<group>";
		};
		3075FEF01FC2FE9A00933163 /* change_viewTests */ = {
			isa = PBXGroup;
			children = (
				3075FEF11FC2FE9A00933163 /* change_viewTests.swift */,
				3075FEF31FC2FE9A00933163 /* Info.plist */,
			);
			path = change_viewTests;
			sourceTree = "<group>";
		};
		3075FEFB1FC2FE9A00933163 /* change_viewUITests */ = {
			isa = PBXGroup;
			children = (
				3075FEFC1FC2FE9A00933163 /* change_viewUITests.swift */,
				3075FEFE1FC2FE9A00933163 /* Info.plist */,
			);
			path = change_viewUITests;
			sourceTree = "<group>";
		};
		40474C1C7435335B9E1808A2 /* Frameworks */ = {
			isa = PBXGroup;
			children = (
				C1DFCC19AE8D2603DC066C28 /* Pods_change_view.framework */,
				7B47667CECAB4607D1233A8F /* Pods_change_viewTests.framework */,
				732FA71134F5FA153CE6FF7E /* Pods_change_viewUITests.framework */,
			);
			name = Frameworks;
			sourceTree = "<group>";
		};
		4368062DA51A08047A3D5651 /* Pods */ = {
			isa = PBXGroup;
			children = (
				989A5FE581F605F1B5C1663E /* Pods-change_view.debug.xcconfig */,
				6071159C121C245CA73C7554 /* Pods-change_view.release.xcconfig */,
				5941E217B6F585EC18CEB080 /* Pods-change_viewTests.debug.xcconfig */,
				A8CABDA6D1A77A64737E2EBC /* Pods-change_viewTests.release.xcconfig */,
				680B7934A12FDF9A4EB5DFEB /* Pods-change_viewUITests.debug.xcconfig */,
				E87A37CE648E28CF0C5CD469 /* Pods-change_viewUITests.release.xcconfig */,
			);
			name = Pods;
			sourceTree = "<group>";
		};
/* End PBXGroup section */

/* Begin PBXNativeTarget section */
		3075FED81FC2FE9900933163 /* change_view */ = {
			isa = PBXNativeTarget;
			buildConfigurationList = 3075FF011FC2FE9A00933163 /* Build configuration list for PBXNativeTarget "change_view" */;
			buildPhases = (
				1F413BDF4A23346F0B3D8E64 /* [CP] Check Pods Manifest.lock */,
				3075FED51FC2FE9900933163 /* Sources */,
				3075FED61FC2FE9900933163 /* Frameworks */,
				3075FED71FC2FE9900933163 /* Resources */,
				546F9386E9411C77113B011F /* [CP] Embed Pods Frameworks */,
				03B7A7626DEABC32F2F4968D /* [CP] Copy Pods Resources */,
			);
			buildRules = (
			);
			dependencies = (
			);
			name = change_view;
			productName = change_view;
			productReference = 3075FED91FC2FE9900933163 /* change_view.app */;
			productType = "com.apple.product-type.application";
		};
		3075FEEC1FC2FE9A00933163 /* change_viewTests */ = {
			isa = PBXNativeTarget;
			buildConfigurationList = 3075FF041FC2FE9A00933163 /* Build configuration list for PBXNativeTarget "change_viewTests" */;
			buildPhases = (
				CE7AC0A0BA6C1A730904E95A /* [CP] Check Pods Manifest.lock */,
				3075FEE91FC2FE9A00933163 /* Sources */,
				3075FEEA1FC2FE9A00933163 /* Frameworks */,
				3075FEEB1FC2FE9A00933163 /* Resources */,
				400A24B631F85848FFF6C709 /* [CP] Embed Pods Frameworks */,
				71B8BE43FF644B3D3D82DCB9 /* [CP] Copy Pods Resources */,
			);
			buildRules = (
			);
			dependencies = (
				3075FEEF1FC2FE9A00933163 /* PBXTargetDependency */,
			);
			name = change_viewTests;
			productName = change_viewTests;
			productReference = 3075FEED1FC2FE9A00933163 /* change_viewTests.xctest */;
			productType = "com.apple.product-type.bundle.unit-test";
		};
		3075FEF71FC2FE9A00933163 /* change_viewUITests */ = {
			isa = PBXNativeTarget;
			buildConfigurationList = 3075FF071FC2FE9A00933163 /* Build configuration list for PBXNativeTarget "change_viewUITests" */;
			buildPhases = (
				456041703ECD8C0B2FB56111 /* [CP] Check Pods Manifest.lock */,
				3075FEF41FC2FE9A00933163 /* Sources */,
				3075FEF51FC2FE9A00933163 /* Frameworks */,
				3075FEF61FC2FE9A00933163 /* Resources */,
				28C110AE716DCD54B107B251 /* [CP] Embed Pods Frameworks */,
				F531956DC797D35513B40E4F /* [CP] Copy Pods Resources */,
			);
			buildRules = (
			);
			dependencies = (
				3075FEFA1FC2FE9A00933163 /* PBXTargetDependency */,
			);
			name = change_viewUITests;
			productName = change_viewUITests;
			productReference = 3075FEF81FC2FE9A00933163 /* change_viewUITests.xctest */;
			productType = "com.apple.product-type.bundle.ui-testing";
		};
/* End PBXNativeTarget section */

/* Begin PBXProject section */
		3075FED11FC2FE9900933163 /* Project object */ = {
			isa = PBXProject;
			attributes = {
				LastSwiftUpdateCheck = 0910;
				LastUpgradeCheck = 0910;
				ORGANIZATIONNAME = "Fathoni Adi Kurniawan";
				TargetAttributes = {
					3075FED81FC2FE9900933163 = {
						CreatedOnToolsVersion = 9.1;
						ProvisioningStyle = Automatic;
					};
					3075FEEC1FC2FE9A00933163 = {
						CreatedOnToolsVersion = 9.1;
						ProvisioningStyle = Automatic;
						TestTargetID = 3075FED81FC2FE9900933163;
					};
					3075FEF71FC2FE9A00933163 = {
						CreatedOnToolsVersion = 9.1;
						ProvisioningStyle = Automatic;
						TestTargetID = 3075FED81FC2FE9900933163;
					};
				};
			};
			buildConfigurationList = 3075FED41FC2FE9900933163 /* Build configuration list for PBXProject "change_view" */;
			compatibilityVersion = "Xcode 8.0";
			developmentRegion = en;
			hasScannedForEncodings = 0;
			knownRegions = (
				en,
				Base,
			);
			mainGroup = 3075FED01FC2FE9900933163;
			productRefGroup = 3075FEDA1FC2FE9900933163 /* Products */;
			projectDirPath = "";
			projectRoot = "";
			targets = (
				3075FED81FC2FE9900933163 /* change_view */,
				3075FEEC1FC2FE9A00933163 /* change_viewTests */,
				3075FEF71FC2FE9A00933163 /* change_viewUITests */,
			);
		};
/* End PBXProject section */

/* Begin PBXResourcesBuildPhase section */
		3075FED71FC2FE9900933163 /* Resources */ = {
			isa = PBXResourcesBuildPhase;
			buildActionMask = 2147483647;
			files = (
				3075FEE71FC2FE9A00933163 /* LaunchScreen.storyboard in Resources */,
				3075FEE41FC2FE9A00933163 /* Assets.xcassets in Resources */,
				3075FEE21FC2FE9A00933163 /* Main.storyboard in Resources */,
			);
			runOnlyForDeploymentPostprocessing = 0;
		};
		3075FEEB1FC2FE9A00933163 /* Resources */ = {
			isa = PBXResourcesBuildPhase;
			buildActionMask = 2147483647;
			files = (
			);
			runOnlyForDeploymentPostprocessing = 0;
		};
		3075FEF61FC2FE9A00933163 /* Resources */ = {
			isa = PBXResourcesBuildPhase;
			buildActionMask = 2147483647;
			files = (
			);
			runOnlyForDeploymentPostprocessing = 0;
		};
/* End PBXResourcesBuildPhase section */

/* Begin PBXShellScriptBuildPhase section */
		03B7A7626DEABC32F2F4968D /* [CP] Copy Pods Resources */ = {
			isa = PBXShellScriptBuildPhase;
			buildActionMask = 2147483647;
			files = (
			);
			inputPaths = (
			);
			name = "[CP] Copy Pods Resources";
			outputPaths = (
			);
			runOnlyForDeploymentPostprocessing = 0;
			shellPath = /bin/sh;
			shellScript = "\"${SRCROOT}/Pods/Target Support Files/Pods-change_view/Pods-change_view-resources.sh\"\n";
			showEnvVarsInLog = 0;
		};
		1F413BDF4A23346F0B3D8E64 /* [CP] Check Pods Manifest.lock */ = {
			isa = PBXShellScriptBuildPhase;
			buildActionMask = 2147483647;
			files = (
			);
			inputPaths = (
				"${PODS_PODFILE_DIR_PATH}/Podfile.lock",
				"${PODS_ROOT}/Manifest.lock",
			);
			name = "[CP] Check Pods Manifest.lock";
			outputPaths = (
				"$(DERIVED_FILE_DIR)/Pods-change_view-checkManifestLockResult.txt",
			);
			runOnlyForDeploymentPostprocessing = 0;
			shellPath = /bin/sh;
			shellScript = "diff \"${PODS_PODFILE_DIR_PATH}/Podfile.lock\" \"${PODS_ROOT}/Manifest.lock\" > /dev/null\nif [ $? != 0 ] ; then\n    # print error to STDERR\n    echo \"error: The sandbox is not in sync with the Podfile.lock. Run 'pod install' or update your CocoaPods installation.\" >&2\n    exit 1\nfi\n# This output is used by Xcode 'outputs' to avoid re-running this script phase.\necho \"SUCCESS\" > \"${SCRIPT_OUTPUT_FILE_0}\"\n";
			showEnvVarsInLog = 0;
		};
		28C110AE716DCD54B107B251 /* [CP] Embed Pods Frameworks */ = {
			isa = PBXShellScriptBuildPhase;
			buildActionMask = 2147483647;
			files = (
			);
			inputPaths = (
			);
			name = "[CP] Embed Pods Frameworks";
			outputPaths = (
			);
			runOnlyForDeploymentPostprocessing = 0;
			shellPath = /bin/sh;
			shellScript = "\"${SRCROOT}/Pods/Target Support Files/Pods-change_viewUITests/Pods-change_viewUITests-frameworks.sh\"\n";
			showEnvVarsInLog = 0;
		};
		400A24B631F85848FFF6C709 /* [CP] Embed Pods Frameworks */ = {
			isa = PBXShellScriptBuildPhase;
			buildActionMask = 2147483647;
			files = (
			);
			inputPaths = (
			);
			name = "[CP] Embed Pods Frameworks";
			outputPaths = (
			);
			runOnlyForDeploymentPostprocessing = 0;
			shellPath = /bin/sh;
			shellScript = "\"${SRCROOT}/Pods/Target Support Files/Pods-change_viewTests/Pods-change_viewTests-frameworks.sh\"\n";
			showEnvVarsInLog = 0;
		};
		456041703ECD8C0B2FB56111 /* [CP] Check Pods Manifest.lock */ = {
			isa = PBXShellScriptBuildPhase;
			buildActionMask = 2147483647;
			files = (
			);
			inputPaths = (
				"${PODS_PODFILE_DIR_PATH}/Podfile.lock",
				"${PODS_ROOT}/Manifest.lock",
			);
			name = "[CP] Check Pods Manifest.lock";
			outputPaths = (
				"$(DERIVED_FILE_DIR)/Pods-change_viewUITests-checkManifestLockResult.txt",
			);
			runOnlyForDeploymentPostprocessing = 0;
			shellPath = /bin/sh;
			shellScript = "diff \"${PODS_PODFILE_DIR_PATH}/Podfile.lock\" \"${PODS_ROOT}/Manifest.lock\" > /dev/null\nif [ $? != 0 ] ; then\n    # print error to STDERR\n    echo \"error: The sandbox is not in sync with the Podfile.lock. Run 'pod install' or update your CocoaPods installation.\" >&2\n    exit 1\nfi\n# This output is used by Xcode 'outputs' to avoid re-running this script phase.\necho \"SUCCESS\" > \"${SCRIPT_OUTPUT_FILE_0}\"\n";
			showEnvVarsInLog = 0;
		};
		546F9386E9411C77113B011F /* [CP] Embed Pods Frameworks */ = {
			isa = PBXShellScriptBuildPhase;
			buildActionMask = 2147483647;
			files = (
			);
			inputPaths = (
				"${SRCROOT}/Pods/Target Support Files/Pods-change_view/Pods-change_view-frameworks.sh",
				"${BUILT_PRODUCTS_DIR}/JSONWebToken/JWT.framework",
			);
			name = "[CP] Embed Pods Frameworks";
			outputPaths = (
				"${TARGET_BUILD_DIR}/${FRAMEWORKS_FOLDER_PATH}/JWT.framework",
			);
			runOnlyForDeploymentPostprocessing = 0;
			shellPath = /bin/sh;
			shellScript = "\"${SRCROOT}/Pods/Target Support Files/Pods-change_view/Pods-change_view-frameworks.sh\"\n";
			showEnvVarsInLog = 0;
		};
		71B8BE43FF644B3D3D82DCB9 /* [CP] Copy Pods Resources */ = {
			isa = PBXShellScriptBuildPhase;
			buildActionMask = 2147483647;
			files = (
			);
			inputPaths = (
			);
			name = "[CP] Copy Pods Resources";
			outputPaths = (
			);
			runOnlyForDeploymentPostprocessing = 0;
			shellPath = /bin/sh;
			shellScript = "\"${SRCROOT}/Pods/Target Support Files/Pods-change_viewTests/Pods-change_viewTests-resources.sh\"\n";
			showEnvVarsInLog = 0;
		};
		CE7AC0A0BA6C1A730904E95A /* [CP] Check Pods Manifest.lock */ = {
			isa = PBXShellScriptBuildPhase;
			buildActionMask = 2147483647;
			files = (
			);
			inputPaths = (
				"${PODS_PODFILE_DIR_PATH}/Podfile.lock",
				"${PODS_ROOT}/Manifest.lock",
			);
			name = "[CP] Check Pods Manifest.lock";
			outputPaths = (
				"$(DERIVED_FILE_DIR)/Pods-change_viewTests-checkManifestLockResult.txt",
			);
			runOnlyForDeploymentPostprocessing = 0;
			shellPath = /bin/sh;
			shellScript = "diff \"${PODS_PODFILE_DIR_PATH}/Podfile.lock\" \"${PODS_ROOT}/Manifest.lock\" > /dev/null\nif [ $? != 0 ] ; then\n    # print error to STDERR\n    echo \"error: The sandbox is not in sync with the Podfile.lock. Run 'pod install' or update your CocoaPods installation.\" >&2\n    exit 1\nfi\n# This output is used by Xcode 'outputs' to avoid re-running this script phase.\necho \"SUCCESS\" > \"${SCRIPT_OUTPUT_FILE_0}\"\n";
			showEnvVarsInLog = 0;
		};
		F531956DC797D35513B40E4F /* [CP] Copy Pods Resources */ = {
			isa = PBXShellScriptBuildPhase;
			buildActionMask = 2147483647;
			files = (
			);
			inputPaths = (
			);
			name = "[CP] Copy Pods Resources";
			outputPaths = (
			);
			runOnlyForDeploymentPostprocessing = 0;
			shellPath = /bin/sh;
			shellScript = "\"${SRCROOT}/Pods/Target Support Files/Pods-change_viewUITests/Pods-change_viewUITests-resources.sh\"\n";
			showEnvVarsInLog = 0;
		};
/* End PBXShellScriptBuildPhase section */

/* Begin PBXSourcesBuildPhase section */
		3075FED51FC2FE9900933163 /* Sources */ = {
			isa = PBXSourcesBuildPhase;
			buildActionMask = 2147483647;
			files = (
				3075FEDF1FC2FE9900933163 /* ViewController.swift in Sources */,
				3075FF0D1FC30E7B00933163 /* DashboardController.swift in Sources */,
				3075FEDD1FC2FE9900933163 /* AppDelegate.swift in Sources */,
			);
			runOnlyForDeploymentPostprocessing = 0;
		};
		3075FEE91FC2FE9A00933163 /* Sources */ = {
			isa = PBXSourcesBuildPhase;
			buildActionMask = 2147483647;
			files = (
				3075FEF21FC2FE9A00933163 /* change_viewTests.swift in Sources */,
			);
			runOnlyForDeploymentPostprocessing = 0;
		};
		3075FEF41FC2FE9A00933163 /* Sources */ = {
			isa = PBXSourcesBuildPhase;
			buildActionMask = 2147483647;
			files = (
				3075FEFD1FC2FE9A00933163 /* change_viewUITests.swift in Sources */,
			);
			runOnlyForDeploymentPostprocessing = 0;
		};
/* End PBXSourcesBuildPhase section */

/* Begin PBXTargetDependency section */
		3075FEEF1FC2FE9A00933163 /* PBXTargetDependency */ = {
			isa = PBXTargetDependency;
			target = 3075FED81FC2FE9900933163 /* change_view */;
			targetProxy = 3075FEEE1FC2FE9A00933163 /* PBXContainerItemProxy */;
		};
		3075FEFA1FC2FE9A00933163 /* PBXTargetDependency */ = {
			isa = PBXTargetDependency;
			target = 3075FED81FC2FE9900933163 /* change_view */;
			targetProxy = 3075FEF91FC2FE9A00933163 /* PBXContainerItemProxy */;
		};
/* End PBXTargetDependency section */

/* Begin PBXVariantGroup section */
		3075FEE01FC2FE9A00933163 /* Main.storyboard */ = {
			isa = PBXVariantGroup;
			children = (
				3075FEE11FC2FE9A00933163 /* Base */,
			);
			name = Main.storyboard;
			sourceTree = "<group>";
		};
		3075FEE51FC2FE9A00933163 /* LaunchScreen.storyboard */ = {
			isa = PBXVariantGroup;
			children = (
				3075FEE61FC2FE9A00933163 /* Base */,
			);
			name = LaunchScreen.storyboard;
			sourceTree = "<group>";
		};
/* End PBXVariantGroup section */

/* Begin XCBuildConfiguration section */
		3075FEFF1FC2FE9A00933163 /* Debug */ = {
			isa = XCBuildConfiguration;
			buildSettings = {
				ALWAYS_SEARCH_USER_PATHS = NO;
				CLANG_ANALYZER_NONNULL = YES;
				CLANG_ANALYZER_NUMBER_OBJECT_CONVERSION = YES_AGGRESSIVE;
				CLANG_CXX_LANGUAGE_STANDARD = "gnu++14";
				CLANG_CXX_LIBRARY = "libc++";
				CLANG_ENABLE_MODULES = YES;
				CLANG_ENABLE_OBJC_ARC = YES;
				CLANG_WARN_BLOCK_CAPTURE_AUTORELEASING = YES;
				CLANG_WARN_BOOL_CONVERSION = YES;
				CLANG_WARN_COMMA = YES;
				CLANG_WARN_CONSTANT_CONVERSION = YES;
				CLANG_WARN_DIRECT_OBJC_ISA_USAGE = YES_ERROR;
				CLANG_WARN_DOCUMENTATION_COMMENTS = YES;
				CLANG_WARN_EMPTY_BODY = YES;
				CLANG_WARN_ENUM_CONVERSION = YES;
				CLANG_WARN_INFINITE_RECURSION = YES;
				CLANG_WARN_INT_CONVERSION = YES;
				CLANG_WARN_NON_LITERAL_NULL_CONVERSION = YES;
				CLANG_WARN_OBJC_LITERAL_CONVERSION = YES;
				CLANG_WARN_OBJC_ROOT_CLASS = YES_ERROR;
				CLANG_WARN_RANGE_LOOP_ANALYSIS = YES;
				CLANG_WARN_STRICT_PROTOTYPES = YES;
				CLANG_WARN_SUSPICIOUS_MOVE = YES;
				CLANG_WARN_UNGUARDED_AVAILABILITY = YES_AGGRESSIVE;
				CLANG_WARN_UNREACHABLE_CODE = YES;
				CLANG_WARN__DUPLICATE_METHOD_MATCH = YES;
				CODE_SIGN_IDENTITY = "iPhone Developer";
				COPY_PHASE_STRIP = NO;
				DEBUG_INFORMATION_FORMAT = dwarf;
				ENABLE_STRICT_OBJC_MSGSEND = YES;
				ENABLE_TESTABILITY = YES;
				GCC_C_LANGUAGE_STANDARD = gnu11;
				GCC_DYNAMIC_NO_PIC = NO;
				GCC_NO_COMMON_BLOCKS = YES;
				GCC_OPTIMIZATION_LEVEL = 0;
				GCC_PREPROCESSOR_DEFINITIONS = (
					"DEBUG=1",
					"$(inherited)",
				);
				GCC_WARN_64_TO_32_BIT_CONVERSION = YES;
				GCC_WARN_ABOUT_RETURN_TYPE = YES_ERROR;
				GCC_WARN_UNDECLARED_SELECTOR = YES;
				GCC_WARN_UNINITIALIZED_AUTOS = YES_AGGRESSIVE;
				GCC_WARN_UNUSED_FUNCTION = YES;
				GCC_WARN_UNUSED_VARIABLE = YES;
				IPHONEOS_DEPLOYMENT_TARGET = 11.1;
				MTL_ENABLE_DEBUG_INFO = YES;
				ONLY_ACTIVE_ARCH = YES;
				SDKROOT = iphoneos;
				SWIFT_ACTIVE_COMPILATION_CONDITIONS = DEBUG;
				SWIFT_OPTIMIZATION_LEVEL = "-Onone";
			};
			name = Debug;
		};
		3075FF001FC2FE9A00933163 /* Release */ = {
			isa = XCBuildConfiguration;
			buildSettings = {
				ALWAYS_SEARCH_USER_PATHS = NO;
				CLANG_ANALYZER_NONNULL = YES;
				CLANG_ANALYZER_NUMBER_OBJECT_CONVERSION = YES_AGGRESSIVE;
				CLANG_CXX_LANGUAGE_STANDARD = "gnu++14";
				CLANG_CXX_LIBRARY = "libc++";
				CLANG_ENABLE_MODULES = YES;
				CLANG_ENABLE_OBJC_ARC = YES;
				CLANG_WARN_BLOCK_CAPTURE_AUTORELEASING = YES;
				CLANG_WARN_BOOL_CONVERSION = YES;
				CLANG_WARN_COMMA = YES;
				CLANG_WARN_CONSTANT_CONVERSION = YES;
				CLANG_WARN_DIRECT_OBJC_ISA_USAGE = YES_ERROR;
				CLANG_WARN_DOCUMENTATION_COMMENTS = YES;
				CLANG_WARN_EMPTY_BODY = YES;
				CLANG_WARN_ENUM_CONVERSION = YES;
				CLANG_WARN_INFINITE_RECURSION = YES;
				CLANG_WARN_INT_CONVERSION = YES;
				CLANG_WARN_NON_LITERAL_NULL_CONVERSION = YES;
				CLANG_WARN_OBJC_LITERAL_CONVERSION = YES;
				CLANG_WARN_OBJC_ROOT_CLASS = YES_ERROR;
				CLANG_WARN_RANGE_LOOP_ANALYSIS = YES;
				CLANG_WARN_STRICT_PROTOTYPES = YES;
				CLANG_WARN_SUSPICIOUS_MOVE = YES;
				CLANG_WARN_UNGUARDED_AVAILABILITY = YES_AGGRESSIVE;
				CLANG_WARN_UNREACHABLE_CODE = YES;
				CLANG_WARN__DUPLICATE_METHOD_MATCH = YES;
				CODE_SIGN_IDENTITY = "iPhone Developer";
				COPY_PHASE_STRIP = NO;
				DEBUG_INFORMATION_FORMAT = "dwarf-with-dsym";
				ENABLE_NS_ASSERTIONS = NO;
				ENABLE_STRICT_OBJC_MSGSEND = YES;
				GCC_C_LANGUAGE_STANDARD = gnu11;
				GCC_NO_COMMON_BLOCKS = YES;
				GCC_WARN_64_TO_32_BIT_CONVERSION = YES;
				GCC_WARN_ABOUT_RETURN_TYPE = YES_ERROR;
				GCC_WARN_UNDECLARED_SELECTOR = YES;
				GCC_WARN_UNINITIALIZED_AUTOS = YES_AGGRESSIVE;
				GCC_WARN_UNUSED_FUNCTION = YES;
				GCC_WARN_UNUSED_VARIABLE = YES;
				IPHONEOS_DEPLOYMENT_TARGET = 11.1;
				MTL_ENABLE_DEBUG_INFO = NO;
				SDKROOT = iphoneos;
				SWIFT_OPTIMIZATION_LEVEL = "-Owholemodule";
				VALIDATE_PRODUCT = YES;
			};
			name = Release;
		};
		3075FF021FC2FE9A00933163 /* Debug */ = {
			isa = XCBuildConfiguration;
			baseConfigurationReference = 989A5FE581F605F1B5C1663E /* Pods-change_view.debug.xcconfig */;
			buildSettings = {
				ASSETCATALOG_COMPILER_APPICON_NAME = AppIcon;
				CODE_SIGN_STYLE = Automatic;
				DEVELOPMENT_TEAM = D79J6C4H44;
				INFOPLIST_FILE = change_view/Info.plist;
				LD_RUNPATH_SEARCH_PATHS = "$(inherited) @executable_path/Frameworks";
				PRODUCT_BUNDLE_IDENTIFIER = "fathoniadi.change-view";
				PRODUCT_NAME = "$(TARGET_NAME)";
				SWIFT_VERSION = 4.0;
				TARGETED_DEVICE_FAMILY = "1,2";
			};
			name = Debug;
		};
		3075FF031FC2FE9A00933163 /* Release */ = {
			isa = XCBuildConfiguration;
			baseConfigurationReference = 6071159C121C245CA73C7554 /* Pods-change_view.release.xcconfig */;
			buildSettings = {
				ASSETCATALOG_COMPILER_APPICON_NAME = AppIcon;
				CODE_SIGN_STYLE = Automatic;
				DEVELOPMENT_TEAM = D79J6C4H44;
				INFOPLIST_FILE = change_view/Info.plist;
				LD_RUNPATH_SEARCH_PATHS = "$(inherited) @executable_path/Frameworks";
				PRODUCT_BUNDLE_IDENTIFIER = "fathoniadi.change-view";
				PRODUCT_NAME = "$(TARGET_NAME)";
				SWIFT_VERSION = 4.0;
				TARGETED_DEVICE_FAMILY = "1,2";
			};
			name = Release;
		};
		3075FF051FC2FE9A00933163 /* Debug */ = {
			isa = XCBuildConfiguration;
			baseConfigurationReference = 5941E217B6F585EC18CEB080 /* Pods-change_viewTests.debug.xcconfig */;
			buildSettings = {
				ALWAYS_EMBED_SWIFT_STANDARD_LIBRARIES = YES;
				BUNDLE_LOADER = "$(TEST_HOST)";
				CODE_SIGN_STYLE = Automatic;
				INFOPLIST_FILE = change_viewTests/Info.plist;
				LD_RUNPATH_SEARCH_PATHS = "$(inherited) @executable_path/Frameworks @loader_path/Frameworks";
				PRODUCT_BUNDLE_IDENTIFIER = "fathoniadi.change-viewTests";
				PRODUCT_NAME = "$(TARGET_NAME)";
				SWIFT_VERSION = 4.0;
				TARGETED_DEVICE_FAMILY = "1,2";
				TEST_HOST = "$(BUILT_PRODUCTS_DIR)/change_view.app/change_view";
			};
			name = Debug;
		};
		3075FF061FC2FE9A00933163 /* Release */ = {
			isa = XCBuildConfiguration;
			baseConfigurationReference = A8CABDA6D1A77A64737E2EBC /* Pods-change_viewTests.release.xcconfig */;
			buildSettings = {
				ALWAYS_EMBED_SWIFT_STANDARD_LIBRARIES = YES;
				BUNDLE_LOADER = "$(TEST_HOST)";
				CODE_SIGN_STYLE = Automatic;
				INFOPLIST_FILE = change_viewTests/Info.plist;
				LD_RUNPATH_SEARCH_PATHS = "$(inherited) @executable_path/Frameworks @loader_path/Frameworks";
				PRODUCT_BUNDLE_IDENTIFIER = "fathoniadi.change-viewTests";
				PRODUCT_NAME = "$(TARGET_NAME)";
				SWIFT_VERSION = 4.0;
				TARGETED_DEVICE_FAMILY = "1,2";
				TEST_HOST = "$(BUILT_PRODUCTS_DIR)/change_view.app/change_view";
			};
			name = Release;
		};
		3075FF081FC2FE9A00933163 /* Debug */ = {
			isa = XCBuildConfiguration;
			baseConfigurationReference = 680B7934A12FDF9A4EB5DFEB /* Pods-change_viewUITests.debug.xcconfig */;
			buildSettings = {
				ALWAYS_EMBED_SWIFT_STANDARD_LIBRARIES = YES;
				CODE_SIGN_STYLE = Automatic;
				INFOPLIST_FILE = change_viewUITests/Info.plist;
				LD_RUNPATH_SEARCH_PATHS = "$(inherited) @executable_path/Frameworks @loader_path/Frameworks";
				PRODUCT_BUNDLE_IDENTIFIER = "fathoniadi.change-viewUITests";
				PRODUCT_NAME = "$(TARGET_NAME)";
				SWIFT_VERSION = 4.0;
				TARGETED_DEVICE_FAMILY = "1,2";
				TEST_TARGET_NAME = change_view;
			};
			name = Debug;
		};
		3075FF091FC2FE9A00933163 /* Release */ = {
			isa = XCBuildConfiguration;
			baseConfigurationReference = E87A37CE648E28CF0C5CD469 /* Pods-change_viewUITests.release.xcconfig */;
			buildSettings = {
				ALWAYS_EMBED_SWIFT_STANDARD_LIBRARIES = YES;
				CODE_SIGN_STYLE = Automatic;
				INFOPLIST_FILE = change_viewUITests/Info.plist;
				LD_RUNPATH_SEARCH_PATHS = "$(inherited) @executable_path/Frameworks @loader_path/Frameworks";
				PRODUCT_BUNDLE_IDENTIFIER = "fathoniadi.change-viewUITests";
				PRODUCT_NAME = "$(TARGET_NAME)";
				SWIFT_VERSION = 4.0;
				TARGETED_DEVICE_FAMILY = "1,2";
				TEST_TARGET_NAME = change_view;
			};
			name = Release;
		};
/* End XCBuildConfiguration section */

/* Begin XCConfigurationList section */
		3075FED41FC2FE9900933163 /* Build configuration list for PBXProject "change_view" */ = {
			isa = XCConfigurationList;
			buildConfigurations = (
				3075FEFF1FC2FE9A00933163 /* Debug */,
				3075FF001FC2FE9A00933163 /* Release */,
			);
			defaultConfigurationIsVisible = 0;
			defaultConfigurationName = Release;
		};
		3075FF011FC2FE9A00933163 /* Build configuration list for PBXNativeTarget "change_view" */ = {
			isa = XCConfigurationList;
			buildConfigurations = (
				3075FF021FC2FE9A00933163 /* Debug */,
				3075FF031FC2FE9A00933163 /* Release */,
			);
			defaultConfigurationIsVisible = 0;
			defaultConfigurationName = Release;
		};
		3075FF041FC2FE9A00933163 /* Build configuration list for PBXNativeTarget "change_viewTests" */ = {
			isa = XCConfigurationList;
			buildConfigurations = (
				3075FF051FC2FE9A00933163 /* Debug */,
				3075FF061FC2FE9A00933163 /* Release */,
			);
			defaultConfigurationIsVisible = 0;
			defaultConfigurationName = Release;
		};
		3075FF071FC2FE9A00933163 /* Build configuration list for PBXNativeTarget "change_viewUITests" */ = {
			isa = XCConfigurationList;
			buildConfigurations = (
				3075FF081FC2FE9A00933163 /* Debug */,
				3075FF091FC2FE9A00933163 /* Release */,
			);
			defaultConfigurationIsVisible = 0;
			defaultConfigurationName = Release;
		};
/* End XCConfigurationList section */
	};
	rootObject = 3075FED11FC2FE9900933163 /* Project object */;
}
